{"timestamp": {"engage": "20200630-115239"}, "input_data": {"C:\\Users\\xukev\\repro-catalogue\\cata_test\\input_data": "6ae8955da556c33bace400a20f348287f11c7350254b8a477807ecb0e93ac426b792ef5359a6b07c01c5966fd4b0de7e36ce0be67b37a1d7098bf5386224451e"}, "code": {"C:\\Users\\xukev\\repro-catalogue": "d2063a2c30439d5a039e382bba6a2ffa99ee5d7d"}}